
Microsoft Visual Studio Solution File, Format Version 12.00
# Visual Studio Version 17
VisualStudioVersion = 17.3.32804.467
MinimumVisualStudioVersion = 10.0.40219.1
Project("{9A19103F-16F7-4668-BE54-9A1E7A4F7556}") = "BitPayPaymentGatewayAPI", "BitPayPaymentGatewayAPI\BitPayPaymentGatewayAPI.csproj", "{79B46C75-9501-45F6-837A-CCBF9023C8AD}"
EndProject
Project("{9A19103F-16F7-4668-BE54-9A1E7A4F7556}") = "BitPayPaymentGatewayAPI_6", "BitPayPaymentGatewayAPI_6\BitPayPaymentGatewayAPI_6.csproj", "{162977FC-50C0-4EC9-8421-609FAF7DC4E3}"
EndProject
Global
	GlobalSection(SolutionConfigurationPlatforms) = preSolution
		Debug|Any CPU = Debug|Any CPU
		Release|Any CPU = Release|Any CPU
	EndGlobalSection
	GlobalSection(ProjectConfigurationPlatforms) = postSolution
		{79B46C75-9501-45F6-837A-CCBF9023C8AD}.Debug|Any CPU.ActiveCfg = Debug|Any CPU
		{79B46C75-9501-45F6-837A-CCBF9023C8AD}.Debug|Any CPU.Build.0 = Debug|Any CPU
		{79B46C75-9501-45F6-837A-CCBF9023C8AD}.Release|Any CPU.ActiveCfg = Release|Any CPU
		{79B46C75-9501-45F6-837A-CCBF9023C8AD}.Release|Any CPU.Build.0 = Release|Any CPU
		{162977FC-50C0-4EC9-8421-609FAF7DC4E3}.Debug|Any CPU.ActiveCfg = Debug|Any CPU
		{162977FC-50C0-4EC9-8421-609FAF7DC4E3}.Debug|Any CPU.Build.0 = Debug|Any CPU
		{162977FC-50C0-4EC9-8421-609FAF7DC4E3}.Release|Any CPU.ActiveCfg = Release|Any CPU
		{162977FC-50C0-4EC9-8421-609FAF7DC4E3}.Release|Any CPU.Build.0 = Release|Any CPU
	EndGlobalSection
	GlobalSection(SolutionProperties) = preSolution
		HideSolutionNode = FALSE
	EndGlobalSection
	GlobalSection(ExtensibilityGlobals) = postSolution
		SolutionGuid = {51818695-EE96-40FC-B46C-BCDB58BD2154}
	EndGlobalSection
EndGlobal
